# This file was autogenerated by Stack.
# You should not edit this file by hand.
# For more information, please see the documentation at:
#   https://docs.haskellstack.org/en/stable/lock_files

packages:
- completed:
    hackage: hedgehog-classes-0.2.5.2@sha256:0a285edd70d63d47c6dbf1e713df2a65087cb1cfee5ca68ab296024f6c250bfd,5997
    pantry-tree:
      size: 5192
      sha256: a43a721c14a8082d8fa75a6a43020c17d3fd32272618372f6b85ac8db142a79d
  original:
    hackage: hedgehog-classes-0.2.5.2
snapshots:
- completed:
    size: 585817
    url: https://raw.githubusercontent.com/commercialhaskell/stackage-snapshots/master/lts/18/5.yaml
    sha256: 22d24d0dacad9c1450b9a174c28d203f9bb482a2a8da9710a2f2a9f4afee2887
  original: lts-18.5
